// !$*UTF8*$!
{
	archiveVersion = 1;
	classes = {
	};
	objectVersion = 46;
	objects = {

/* Begin PBXBuildFile section */
		210787081D3125160072E2CB /* AppDelegate.swift in Sources */ = {isa = PBXBuildFile; fileRef = 210787071D3125160072E2CB /* AppDelegate.swift */; };
		2107870A1D3125160072E2CB /* ViewController.swift in Sources */ = {isa = PBXBuildFile; fileRef = 210787091D3125160072E2CB /* ViewController.swift */; };
		2107870D1D3125160072E2CB /* Main.storyboard in Resources */ = {isa = PBXBuildFile; fileRef = 2107870B1D3125160072E2CB /* Main.storyboard */; };
		2107870F1D3125160072E2CB /* Assets.xcassets in Resources */ = {isa = PBXBuildFile; fileRef = 2107870E1D3125160072E2CB /* Assets.xcassets */; };
		210787121D3125160072E2CB /* LaunchScreen.storyboard in Resources */ = {isa = PBXBuildFile; fileRef = 210787101D3125160072E2CB /* LaunchScreen.storyboard */; };
		2107871A1D3127850072E2CB /* MainController.swift in Sources */ = {isa = PBXBuildFile; fileRef = 210787191D3127850072E2CB /* MainController.swift */; };
		21078E701D315B490072E2CB /* 1.png in Resources */ = {isa = PBXBuildFile; fileRef = 21078E6F1D315B490072E2CB /* 1.png */; };
		21078E721D316D400072E2CB /* backbut.png in Resources */ = {isa = PBXBuildFile; fileRef = 21078E711D316D400072E2CB /* backbut.png */; };
		21078E741D3174AF0072E2CB /* redcircle.png in Resources */ = {isa = PBXBuildFile; fileRef = 21078E731D3174AF0072E2CB /* redcircle.png */; };
		21078E761D3178840072E2CB /* right.png in Resources */ = {isa = PBXBuildFile; fileRef = 21078E751D3178840072E2CB /* right.png */; };
		21078E781D317A6D0072E2CB /* play.png in Resources */ = {isa = PBXBuildFile; fileRef = 21078E771D317A6D0072E2CB /* play.png */; };
		21078E7A1D317ABD0072E2CB /* stop.png in Resources */ = {isa = PBXBuildFile; fileRef = 21078E791D317ABD0072E2CB /* stop.png */; };
		21078E7C1D317C190072E2CB /* pause.png in Resources */ = {isa = PBXBuildFile; fileRef = 21078E7B1D317C190072E2CB /* pause.png */; };
		21078E7F1D317E4E0072E2CB /* Anglo-Cornish.mp3 in Resources */ = {isa = PBXBuildFile; fileRef = 21078E7E1D317E4E0072E2CB /* Anglo-Cornish.mp3 */; };
		21078E941D317E630072E2CB /* Bristol.mp3 in Resources */ = {isa = PBXBuildFile; fileRef = 21078E801D317E630072E2CB /* Bristol.mp3 */; };
		21078E951D317E630072E2CB /* Brummie.mp3 in Resources */ = {isa = PBXBuildFile; fileRef = 21078E811D317E630072E2CB /* Brummie.mp3 */; };
		21078E961D317E630072E2CB /* Cambridgeshire.mp3 in Resources */ = {isa = PBXBuildFile; fileRef = 21078E821D317E630072E2CB /* Cambridgeshire.mp3 */; };
		21078E971D317E630072E2CB /* Cockney.mp3 in Resources */ = {isa = PBXBuildFile; fileRef = 21078E831D317E630072E2CB /* Cockney.mp3 */; };
		21078E981D317E630072E2CB /* Cumbrian.mp3 in Resources */ = {isa = PBXBuildFile; fileRef = 21078E841D317E630072E2CB /* Cumbrian.mp3 */; };
		21078E991D317E630072E2CB /* Devon.mp3 in Resources */ = {isa = PBXBuildFile; fileRef = 21078E851D317E630072E2CB /* Devon.mp3 */; };
		21078E9A1D317E630072E2CB /* East Midlands.mp3 in Resources */ = {isa = PBXBuildFile; fileRef = 21078E861D317E630072E2CB /* East Midlands.mp3 */; };
		21078E9B1D317E630072E2CB /* Geordie.mp3 in Resources */ = {isa = PBXBuildFile; fileRef = 21078E871D317E630072E2CB /* Geordie.mp3 */; };
		21078E9C1D317E630072E2CB /* Highland Scottish.mp3 in Resources */ = {isa = PBXBuildFile; fileRef = 21078E881D317E630072E2CB /* Highland Scottish.mp3 */; };
		21078E9D1D317E630072E2CB /* Kent.mp3 in Resources */ = {isa = PBXBuildFile; fileRef = 21078E891D317E630072E2CB /* Kent.mp3 */; };
		21078E9E1D317E630072E2CB /* Lancashire.mp3 in Resources */ = {isa = PBXBuildFile; fileRef = 21078E8A1D317E630072E2CB /* Lancashire.mp3 */; };
		21078E9F1D317E630072E2CB /* Mancunian.mp3 in Resources */ = {isa = PBXBuildFile; fileRef = 21078E8B1D317E630072E2CB /* Mancunian.mp3 */; };
		21078EA01D317E630072E2CB /* Manx English.mp3 in Resources */ = {isa = PBXBuildFile; fileRef = 21078E8C1D317E630072E2CB /* Manx English.mp3 */; };
		21078EA11D317E630072E2CB /* Norfolk.mp3 in Resources */ = {isa = PBXBuildFile; fileRef = 21078E8D1D317E630072E2CB /* Norfolk.mp3 */; };
		21078EA21D317E630072E2CB /* Northumbrian.mp3 in Resources */ = {isa = PBXBuildFile; fileRef = 21078E8E1D317E630072E2CB /* Northumbrian.mp3 */; };
		21078EA31D317E630072E2CB /* Pitmatic.mp3 in Resources */ = {isa = PBXBuildFile; fileRef = 21078E8F1D317E630072E2CB /* Pitmatic.mp3 */; };
		21078EA41D317E630072E2CB /* Protteries.mp3 in Resources */ = {isa = PBXBuildFile; fileRef = 21078E901D317E630072E2CB /* Protteries.mp3 */; };
		21078EA51D317E630072E2CB /* Scots.mp3 in Resources */ = {isa = PBXBuildFile; fileRef = 21078E911D317E630072E2CB /* Scots.mp3 */; };
		21078EA61D317E630072E2CB /* Scouse.mp3 in Resources */ = {isa = PBXBuildFile; fileRef = 21078E921D317E630072E2CB /* Scouse.mp3 */; };
		21078EA71D317E630072E2CB /* South East.mp3 in Resources */ = {isa = PBXBuildFile; fileRef = 21078E931D317E630072E2CB /* South East.mp3 */; };
		21078EA91D317E700072E2CB /* Sussex.mp3 in Resources */ = {isa = PBXBuildFile; fileRef = 21078EA81D317E700072E2CB /* Sussex.mp3 */; };
		21078EB01D317E7A0072E2CB /* Suffolk.mp3 in Resources */ = {isa = PBXBuildFile; fileRef = 21078EAA1D317E7A0072E2CB /* Suffolk.mp3 */; };
		21078EB11D317E7A0072E2CB /* Ulster Scots.mp3 in Resources */ = {isa = PBXBuildFile; fileRef = 21078EAB1D317E7A0072E2CB /* Ulster Scots.mp3 */; };
		21078EB21D317E7A0072E2CB /* Welsh English.mp3 in Resources */ = {isa = PBXBuildFile; fileRef = 21078EAC1D317E7A0072E2CB /* Welsh English.mp3 */; };
		21078EB31D317E7A0072E2CB /* West Country.mp3 in Resources */ = {isa = PBXBuildFile; fileRef = 21078EAD1D317E7A0072E2CB /* West Country.mp3 */; };
		21078EB41D317E7A0072E2CB /* West Midlands.mp3 in Resources */ = {isa = PBXBuildFile; fileRef = 21078EAE1D317E7A0072E2CB /* West Midlands.mp3 */; };
		21078EB51D317E7A0072E2CB /* Yorkshire.mp3 in Resources */ = {isa = PBXBuildFile; fileRef = 21078EAF1D317E7A0072E2CB /* Yorkshire.mp3 */; };
		21078EB71D317E810072E2CB /* Ulster English.mp3 in Resources */ = {isa = PBXBuildFile; fileRef = 21078EB61D317E810072E2CB /* Ulster English.mp3 */; };
		21078EB91D3180930072E2CB /* Dialects.swift in Sources */ = {isa = PBXBuildFile; fileRef = 21078EB81D3180930072E2CB /* Dialects.swift */; };
		21078ED81D319E340072E2CB /* Anglo-Cornish.png in Resources */ = {isa = PBXBuildFile; fileRef = 21078EBB1D319E340072E2CB /* Anglo-Cornish.png */; };
		21078ED91D319E340072E2CB /* Bristol.png in Resources */ = {isa = PBXBuildFile; fileRef = 21078EBC1D319E340072E2CB /* Bristol.png */; };
		21078EDA1D319E340072E2CB /* Brummie.png in Resources */ = {isa = PBXBuildFile; fileRef = 21078EBD1D319E340072E2CB /* Brummie.png */; };
		21078EDB1D319E340072E2CB /* Cambridgeshire.png in Resources */ = {isa = PBXBuildFile; fileRef = 21078EBE1D319E340072E2CB /* Cambridgeshire.png */; };
		21078EDC1D319E340072E2CB /* Cockney.png in Resources */ = {isa = PBXBuildFile; fileRef = 21078EBF1D319E340072E2CB /* Cockney.png */; };
		21078EDD1D319E340072E2CB /* Cumbrian.png in Resources */ = {isa = PBXBuildFile; fileRef = 21078EC01D319E340072E2CB /* Cumbrian.png */; };
		21078EDE1D319E340072E2CB /* Devon.png in Resources */ = {isa = PBXBuildFile; fileRef = 21078EC11D319E340072E2CB /* Devon.png */; };
		21078EDF1D319E340072E2CB /* East Midlands.png in Resources */ = {isa = PBXBuildFile; fileRef = 21078EC21D319E340072E2CB /* East Midlands.png */; };
		21078EE01D319E340072E2CB /* Geordie.png in Resources */ = {isa = PBXBuildFile; fileRef = 21078EC31D319E340072E2CB /* Geordie.png */; };
		21078EE11D319E340072E2CB /* Highland Scottish.png in Resources */ = {isa = PBXBuildFile; fileRef = 21078EC41D319E340072E2CB /* Highland Scottish.png */; };
		21078EE21D319E340072E2CB /* Kent.png in Resources */ = {isa = PBXBuildFile; fileRef = 21078EC51D319E340072E2CB /* Kent.png */; };
		21078EE31D319E340072E2CB /* Lancashire.png in Resources */ = {isa = PBXBuildFile; fileRef = 21078EC61D319E340072E2CB /* Lancashire.png */; };
		21078EE41D319E340072E2CB /* Mancunian.png in Resources */ = {isa = PBXBuildFile; fileRef = 21078EC71D319E340072E2CB /* Mancunian.png */; };
		21078EE51D319E340072E2CB /* Manx English.png in Resources */ = {isa = PBXBuildFile; fileRef = 21078EC81D319E340072E2CB /* Manx English.png */; };
		21078EE61D319E340072E2CB /* Norfolk.png in Resources */ = {isa = PBXBuildFile; fileRef = 21078EC91D319E340072E2CB /* Norfolk.png */; };
		21078EE71D319E340072E2CB /* Northumbrian.png in Resources */ = {isa = PBXBuildFile; fileRef = 21078ECA1D319E340072E2CB /* Northumbrian.png */; };
		21078EE81D319E340072E2CB /* Pitmatic.png in Resources */ = {isa = PBXBuildFile; fileRef = 21078ECB1D319E340072E2CB /* Pitmatic.png */; };
		21078EE91D319E340072E2CB /* Protteries.png in Resources */ = {isa = PBXBuildFile; fileRef = 21078ECC1D319E340072E2CB /* Protteries.png */; };
		21078EEA1D319E340072E2CB /* Scots.png in Resources */ = {isa = PBXBuildFile; fileRef = 21078ECD1D319E340072E2CB /* Scots.png */; };
		21078EEB1D319E340072E2CB /* Scouse.png in Resources */ = {isa = PBXBuildFile; fileRef = 21078ECE1D319E340072E2CB /* Scouse.png */; };
		21078EEC1D319E340072E2CB /* South East.png in Resources */ = {isa = PBXBuildFile; fileRef = 21078ECF1D319E340072E2CB /* South East.png */; };
		21078EED1D319E340072E2CB /* Suffolk.png in Resources */ = {isa = PBXBuildFile; fileRef = 21078ED01D319E340072E2CB /* Suffolk.png */; };
		21078EEE1D319E340072E2CB /* Sussex.png in Resources */ = {isa = PBXBuildFile; fileRef = 21078ED11D319E340072E2CB /* Sussex.png */; };
		21078EEF1D319E340072E2CB /* Ulster English.png in Resources */ = {isa = PBXBuildFile; fileRef = 21078ED21D319E340072E2CB /* Ulster English.png */; };
		21078EF01D319E340072E2CB /* Ulster Scots.png in Resources */ = {isa = PBXBuildFile; fileRef = 21078ED31D319E340072E2CB /* Ulster Scots.png */; };
		21078EF11D319E340072E2CB /* Welsh English.png in Resources */ = {isa = PBXBuildFile; fileRef = 21078ED41D319E340072E2CB /* Welsh English.png */; };
		21078EF21D319E340072E2CB /* West Country.png in Resources */ = {isa = PBXBuildFile; fileRef = 21078ED51D319E340072E2CB /* West Country.png */; };
		21078EF31D319E340072E2CB /* West Midlands.png in Resources */ = {isa = PBXBuildFile; fileRef = 21078ED61D319E340072E2CB /* West Midlands.png */; };
		21078EF41D319E340072E2CB /* Yorkshire.png in Resources */ = {isa = PBXBuildFile; fileRef = 21078ED71D319E340072E2CB /* Yorkshire.png */; };
		2192332F1D31B6B6002BC866 /* SecondView.swift in Sources */ = {isa = PBXBuildFile; fileRef = 2192332E1D31B6B6002BC866 /* SecondView.swift */; };
		219233311D31BAEF002BC866 /* 2back.png in Resources */ = {isa = PBXBuildFile; fileRef = 219233301D31BAEF002BC866 /* 2back.png */; };
		219233331D31C6B8002BC866 /* 2backbut.png in Resources */ = {isa = PBXBuildFile; fileRef = 219233321D31C6B8002BC866 /* 2backbut.png */; };
		219233351D31C6DB002BC866 /* graycircle.png in Resources */ = {isa = PBXBuildFile; fileRef = 219233341D31C6DB002BC866 /* graycircle.png */; };
		219233371D31C7C6002BC866 /* restart.png in Resources */ = {isa = PBXBuildFile; fileRef = 219233361D31C7C6002BC866 /* restart.png */; };
		219233391D31D1D5002BC866 /* MyCustomSegue.swift in Sources */ = {isa = PBXBuildFile; fileRef = 219233381D31D1D5002BC866 /* MyCustomSegue.swift */; };
		2192333B1D31D21C002BC866 /* UIKit.framework in Frameworks */ = {isa = PBXBuildFile; fileRef = 2192333A1D31D21C002BC866 /* UIKit.framework */; };
		2192333D1D31D596002BC866 /* mainBack.png in Resources */ = {isa = PBXBuildFile; fileRef = 2192333C1D31D596002BC866 /* mainBack.png */; };
		2192333F1D31E55C002BC866 /* 3back.png in Resources */ = {isa = PBXBuildFile; fileRef = 2192333E1D31E55C002BC866 /* 3back.png */; };
		219233411D31E5B3002BC866 /* TableController.swift in Sources */ = {isa = PBXBuildFile; fileRef = 219233401D31E5B3002BC866 /* TableController.swift */; };
		219233431D31E76C002BC866 /* MyCell.swift in Sources */ = {isa = PBXBuildFile; fileRef = 219233421D31E76C002BC866 /* MyCell.swift */; };
		219233451D31EC80002BC866 /* back3.png in Resources */ = {isa = PBXBuildFile; fileRef = 219233441D31EC7F002BC866 /* back3.png */; };
/* End PBXBuildFile section */

/* Begin PBXFileReference section */
		210787041D3125160072E2CB /* wait.app */ = {isa = PBXFileReference; explicitFileType = wrapper.application; includeInIndex = 0; path = wait.app; sourceTree = BUILT_PRODUCTS_DIR; };
		210787071D3125160072E2CB /* AppDelegate.swift */ = {isa = PBXFileReference; lastKnownFileType = sourcecode.swift; path = AppDelegate.swift; sourceTree = "<group>"; };
		210787091D3125160072E2CB /* ViewController.swift */ = {isa = PBXFileReference; lastKnownFileType = sourcecode.swift; path = ViewController.swift; sourceTree = "<group>"; };
		2107870C1D3125160072E2CB /* Base */ = {isa = PBXFileReference; lastKnownFileType = file.storyboard; name = Base; path = Base.lproj/Main.storyboard; sourceTree = "<group>"; };
		2107870E1D3125160072E2CB /* Assets.xcassets */ = {isa = PBXFileReference; lastKnownFileType = folder.assetcatalog; path = Assets.xcassets; sourceTree = "<group>"; };
		210787111D3125160072E2CB /* Base */ = {isa = PBXFileReference; lastKnownFileType = file.storyboard; name = Base; path = Base.lproj/LaunchScreen.storyboard; sourceTree = "<group>"; };
		210787131D3125160072E2CB /* Info.plist */ = {isa = PBXFileReference; lastKnownFileType = text.plist.xml; path = Info.plist; sourceTree = "<group>"; };
		210787191D3127850072E2CB /* MainController.swift */ = {isa = PBXFileReference; fileEncoding = 4; lastKnownFileType = sourcecode.swift; path = MainController.swift; sourceTree = "<group>"; };
		21078E6F1D315B490072E2CB /* 1.png */ = {isa = PBXFileReference; lastKnownFileType = image.png; path = 1.png; sourceTree = "<group>"; };
		21078E711D316D400072E2CB /* backbut.png */ = {isa = PBXFileReference; lastKnownFileType = image.png; path = backbut.png; sourceTree = "<group>"; };
		21078E731D3174AF0072E2CB /* redcircle.png */ = {isa = PBXFileReference; lastKnownFileType = image.png; path = redcircle.png; sourceTree = "<group>"; };
		21078E751D3178840072E2CB /* right.png */ = {isa = PBXFileReference; lastKnownFileType = image.png; path = right.png; sourceTree = "<group>"; };
		21078E771D317A6D0072E2CB /* play.png */ = {isa = PBXFileReference; lastKnownFileType = image.png; path = play.png; sourceTree = "<group>"; };
		21078E791D317ABD0072E2CB /* stop.png */ = {isa = PBXFileReference; lastKnownFileType = image.png; path = stop.png; sourceTree = "<group>"; };
		21078E7B1D317C190072E2CB /* pause.png */ = {isa = PBXFileReference; lastKnownFileType = image.png; path = pause.png; sourceTree = "<group>"; };
		21078E7E1D317E4E0072E2CB /* Anglo-Cornish.mp3 */ = {isa = PBXFileReference; lastKnownFileType = audio.mp3; path = "Anglo-Cornish.mp3"; sourceTree = "<group>"; };
		21078E801D317E630072E2CB /* Bristol.mp3 */ = {isa = PBXFileReference; lastKnownFileType = audio.mp3; path = Bristol.mp3; sourceTree = "<group>"; };
		21078E811D317E630072E2CB /* Brummie.mp3 */ = {isa = PBXFileReference; lastKnownFileType = audio.mp3; path = Brummie.mp3; sourceTree = "<group>"; };
		21078E821D317E630072E2CB /* Cambridgeshire.mp3 */ = {isa = PBXFileReference; lastKnownFileType = audio.mp3; path = Cambridgeshire.mp3; sourceTree = "<group>"; };
		21078E831D317E630072E2CB /* Cockney.mp3 */ = {isa = PBXFileReference; lastKnownFileType = audio.mp3; path = Cockney.mp3; sourceTree = "<group>"; };
		21078E841D317E630072E2CB /* Cumbrian.mp3 */ = {isa = PBXFileReference; lastKnownFileType = audio.mp3; path = Cumbrian.mp3; sourceTree = "<group>"; };
		21078E851D317E630072E2CB /* Devon.mp3 */ = {isa = PBXFileReference; lastKnownFileType = audio.mp3; path = Devon.mp3; sourceTree = "<group>"; };
		21078E861D317E630072E2CB /* East Midlands.mp3 */ = {isa = PBXFileReference; lastKnownFileType = audio.mp3; path = "East Midlands.mp3"; sourceTree = "<group>"; };
		21078E871D317E630072E2CB /* Geordie.mp3 */ = {isa = PBXFileReference; lastKnownFileType = audio.mp3; path = Geordie.mp3; sourceTree = "<group>"; };
		21078E881D317E630072E2CB /* Highland Scottish.mp3 */ = {isa = PBXFileReference; lastKnownFileType = audio.mp3; path = "Highland Scottish.mp3"; sourceTree = "<group>"; };
		21078E891D317E630072E2CB /* Kent.mp3 */ = {isa = PBXFileReference; lastKnownFileType = audio.mp3; path = Kent.mp3; sourceTree = "<group>"; };
		21078E8A1D317E630072E2CB /* Lancashire.mp3 */ = {isa = PBXFileReference; lastKnownFileType = audio.mp3; path = Lancashire.mp3; sourceTree = "<group>"; };
		21078E8B1D317E630072E2CB /* Mancunian.mp3 */ = {isa = PBXFileReference; lastKnownFileType = audio.mp3; path = Mancunian.mp3; sourceTree = "<group>"; };
		21078E8C1D317E630072E2CB /* Manx English.mp3 */ = {isa = PBXFileReference; lastKnownFileType = audio.mp3; path = "Manx English.mp3"; sourceTree = "<group>"; };
		21078E8D1D317E630072E2CB /* Norfolk.mp3 */ = {isa = PBXFileReference; lastKnownFileType = audio.mp3; path = Norfolk.mp3; sourceTree = "<group>"; };
		21078E8E1D317E630072E2CB /* Northumbrian.mp3 */ = {isa = PBXFileReference; lastKnownFileType = audio.mp3; path = Northumbrian.mp3; sourceTree = "<group>"; };
		21078E8F1D317E630072E2CB /* Pitmatic.mp3 */ = {isa = PBXFileReference; lastKnownFileType = audio.mp3; path = Pitmatic.mp3; sourceTree = "<group>"; };
		21078E901D317E630072E2CB /* Protteries.mp3 */ = {isa = PBXFileReference; lastKnownFileType = audio.mp3; path = Protteries.mp3; sourceTree = "<group>"; };
		21078E911D317E630072E2CB /* Scots.mp3 */ = {isa = PBXFileReference; lastKnownFileType = audio.mp3; path = Scots.mp3; sourceTree = "<group>"; };
		21078E921D317E630072E2CB /* Scouse.mp3 */ = {isa = PBXFileReference; lastKnownFileType = audio.mp3; path = Scouse.mp3; sourceTree = "<group>"; };
		21078E931D317E630072E2CB /* South East.mp3 */ = {isa = PBXFileReference; lastKnownFileType = audio.mp3; path = "South East.mp3"; sourceTree = "<group>"; };
		21078EA81D317E700072E2CB /* Sussex.mp3 */ = {isa = PBXFileReference; lastKnownFileType = audio.mp3; path = Sussex.mp3; sourceTree = "<group>"; };
		21078EAA1D317E7A0072E2CB /* Suffolk.mp3 */ = {isa = PBXFileReference; lastKnownFileType = audio.mp3; path = Suffolk.mp3; sourceTree = "<group>"; };
		21078EAB1D317E7A0072E2CB /* Ulster Scots.mp3 */ = {isa = PBXFileReference; lastKnownFileType = audio.mp3; path = "Ulster Scots.mp3"; sourceTree = "<group>"; };
		21078EAC1D317E7A0072E2CB /* Welsh English.mp3 */ = {isa = PBXFileReference; lastKnownFileType = audio.mp3; path = "Welsh English.mp3"; sourceTree = "<group>"; };
		21078EAD1D317E7A0072E2CB /* West Country.mp3 */ = {isa = PBXFileReference; lastKnownFileType = audio.mp3; path = "West Country.mp3"; sourceTree = "<group>"; };
		21078EAE1D317E7A0072E2CB /* West Midlands.mp3 */ = {isa = PBXFileReference; lastKnownFileType = audio.mp3; path = "West Midlands.mp3"; sourceTree = "<group>"; };
		21078EAF1D317E7A0072E2CB /* Yorkshire.mp3 */ = {isa = PBXFileReference; lastKnownFileType = audio.mp3; path = Yorkshire.mp3; sourceTree = "<group>"; };
		21078EB61D317E810072E2CB /* Ulster English.mp3 */ = {isa = PBXFileReference; lastKnownFileType = audio.mp3; path = "Ulster English.mp3"; sourceTree = "<group>"; };
		21078EB81D3180930072E2CB /* Dialects.swift */ = {isa = PBXFileReference; fileEncoding = 4; lastKnownFileType = sourcecode.swift; path = Dialects.swift; sourceTree = "<group>"; };
		21078EBB1D319E340072E2CB /* Anglo-Cornish.png */ = {isa = PBXFileReference; lastKnownFileType = image.png; path = "Anglo-Cornish.png"; sourceTree = "<group>"; };
		21078EBC1D319E340072E2CB /* Bristol.png */ = {isa = PBXFileReference; lastKnownFileType = image.png; path = Bristol.png; sourceTree = "<group>"; };
		21078EBD1D319E340072E2CB /* Brummie.png */ = {isa = PBXFileReference; lastKnownFileType = image.png; path = Brummie.png; sourceTree = "<group>"; };
		21078EBE1D319E340072E2CB /* Cambridgeshire.png */ = {isa = PBXFileReference; lastKnownFileType = image.png; path = Cambridgeshire.png; sourceTree = "<group>"; };
		21078EBF1D319E340072E2CB /* Cockney.png */ = {isa = PBXFileReference; lastKnownFileType = image.png; path = Cockney.png; sourceTree = "<group>"; };
		21078EC01D319E340072E2CB /* Cumbrian.png */ = {isa = PBXFileReference; lastKnownFileType = image.png; path = Cumbrian.png; sourceTree = "<group>"; };
		21078EC11D319E340072E2CB /* Devon.png */ = {isa = PBXFileReference; lastKnownFileType = image.png; path = Devon.png; sourceTree = "<group>"; };
		21078EC21D319E340072E2CB /* East Midlands.png */ = {isa = PBXFileReference; lastKnownFileType = image.png; path = "East Midlands.png"; sourceTree = "<group>"; };
		21078EC31D319E340072E2CB /* Geordie.png */ = {isa = PBXFileReference; lastKnownFileType = image.png; path = Geordie.png; sourceTree = "<group>"; };
		21078EC41D319E340072E2CB /* Highland Scottish.png */ = {isa = PBXFileReference; lastKnownFileType = image.png; path = "Highland Scottish.png"; sourceTree = "<group>"; };
		21078EC51D319E340072E2CB /* Kent.png */ = {isa = PBXFileReference; lastKnownFileType = image.png; path = Kent.png; sourceTree = "<group>"; };
		21078EC61D319E340072E2CB /* Lancashire.png */ = {isa = PBXFileReference; lastKnownFileType = image.png; path = Lancashire.png; sourceTree = "<group>"; };
		21078EC71D319E340072E2CB /* Mancunian.png */ = {isa = PBXFileReference; lastKnownFileType = image.png; path = Mancunian.png; sourceTree = "<group>"; };
		21078EC81D319E340072E2CB /* Manx English.png */ = {isa = PBXFileReference; lastKnownFileType = image.png; path = "Manx English.png"; sourceTree = "<group>"; };
		21078EC91D319E340072E2CB /* Norfolk.png */ = {isa = PBXFileReference; lastKnownFileType = image.png; path = Norfolk.png; sourceTree = "<group>"; };
		21078ECA1D319E340072E2CB /* Northumbrian.png */ = {isa = PBXFileReference; lastKnownFileType = image.png; path = Northumbrian.png; sourceTree = "<group>"; };
		21078ECB1D319E340072E2CB /* Pitmatic.png */ = {isa = PBXFileReference; lastKnownFileType = image.png; path = Pitmatic.png; sourceTree = "<group>"; };
		21078ECC1D319E340072E2CB /* Protteries.png */ = {isa = PBXFileReference; lastKnownFileType = image.png; path = Protteries.png; sourceTree = "<group>"; };
		21078ECD1D319E340072E2CB /* Scots.png */ = {isa = PBXFileReference; lastKnownFileType = image.png; path = Scots.png; sourceTree = "<group>"; };
		21078ECE1D319E340072E2CB /* Scouse.png */ = {isa = PBXFileReference; lastKnownFileType = image.png; path = Scouse.png; sourceTree = "<group>"; };
		21078ECF1D319E340072E2CB /* South East.png */ = {isa = PBXFileReference; lastKnownFileType = image.png; path = "South East.png"; sourceTree = "<group>"; };
		21078ED01D319E340072E2CB /* Suffolk.png */ = {isa = PBXFileReference; lastKnownFileType = image.png; path = Suffolk.png; sourceTree = "<group>"; };
		21078ED11D319E340072E2CB /* Sussex.png */ = {isa = PBXFileReference; lastKnownFileType = image.png; path = Sussex.png; sourceTree = "<group>"; };
		21078ED21D319E340072E2CB /* Ulster English.png */ = {isa = PBXFileReference; lastKnownFileType = image.png; path = "Ulster English.png"; sourceTree = "<group>"; };
		21078ED31D319E340072E2CB /* Ulster Scots.png */ = {isa = PBXFileReference; lastKnownFileType = image.png; path = "Ulster Scots.png"; sourceTree = "<group>"; };
		21078ED41D319E340072E2CB /* Welsh English.png */ = {isa = PBXFileReference; lastKnownFileType = image.png; path = "Welsh English.png"; sourceTree = "<group>"; };
		21078ED51D319E340072E2CB /* West Country.png */ = {isa = PBXFileReference; lastKnownFileType = image.png; path = "West Country.png"; sourceTree = "<group>"; };
		21078ED61D319E340072E2CB /* West Midlands.png */ = {isa = PBXFileReference; lastKnownFileType = image.png; path = "West Midlands.png"; sourceTree = "<group>"; };
		21078ED71D319E340072E2CB /* Yorkshire.png */ = {isa = PBXFileReference; lastKnownFileType = image.png; path = Yorkshire.png; sourceTree = "<group>"; };
		2192332E1D31B6B6002BC866 /* SecondView.swift */ = {isa = PBXFileReference; fileEncoding = 4; lastKnownFileType = sourcecode.swift; path = SecondView.swift; sourceTree = "<group>"; };
		219233301D31BAEF002BC866 /* 2back.png */ = {isa = PBXFileReference; lastKnownFileType = image.png; path = 2back.png; sourceTree = "<group>"; };
		219233321D31C6B8002BC866 /* 2backbut.png */ = {isa = PBXFileReference; lastKnownFileType = image.png; path = 2backbut.png; sourceTree = "<group>"; };
		219233341D31C6DB002BC866 /* graycircle.png */ = {isa = PBXFileReference; lastKnownFileType = image.png; path = graycircle.png; sourceTree = "<group>"; };
		219233361D31C7C6002BC866 /* restart.png */ = {isa = PBXFileReference; lastKnownFileType = image.png; path = restart.png; sourceTree = "<group>"; };
		219233381D31D1D5002BC866 /* MyCustomSegue.swift */ = {isa = PBXFileReference; fileEncoding = 4; lastKnownFileType = sourcecode.swift; path = MyCustomSegue.swift; sourceTree = "<group>"; };
		2192333A1D31D21C002BC866 /* UIKit.framework */ = {isa = PBXFileReference; lastKnownFileType = wrapper.framework; name = UIKit.framework; path = System/Library/Frameworks/UIKit.framework; sourceTree = SDKROOT; };
		2192333C1D31D596002BC866 /* mainBack.png */ = {isa = PBXFileReference; lastKnownFileType = image.png; path = mainBack.png; sourceTree = "<group>"; };
		2192333E1D31E55C002BC866 /* 3back.png */ = {isa = PBXFileReference; lastKnownFileType = image.png; path = 3back.png; sourceTree = "<group>"; };
		219233401D31E5B3002BC866 /* TableController.swift */ = {isa = PBXFileReference; fileEncoding = 4; lastKnownFileType = sourcecode.swift; path = TableController.swift; sourceTree = "<group>"; };
		219233421D31E76C002BC866 /* MyCell.swift */ = {isa = PBXFileReference; fileEncoding = 4; lastKnownFileType = sourcecode.swift; path = MyCell.swift; sourceTree = "<group>"; };
		219233441D31EC7F002BC866 /* back3.png */ = {isa = PBXFileReference; lastKnownFileType = image.png; path = back3.png; sourceTree = "<group>"; };
/* End PBXFileReference section */

/* Begin PBXFrameworksBuildPhase section */
		210787011D3125160072E2CB /* Frameworks */ = {
			isa = PBXFrameworksBuildPhase;
			buildActionMask = 2147483647;
			files = (
				2192333B1D31D21C002BC866 /* UIKit.framework in Frameworks */,
			);
			runOnlyForDeploymentPostprocessing = 0;
		};
/* End PBXFrameworksBuildPhase section */

/* Begin PBXGroup section */
		210786FB1D3125160072E2CB = {
			isa = PBXGroup;
			children = (
				2192333A1D31D21C002BC866 /* UIKit.framework */,
				210787061D3125160072E2CB /* wait */,
				210787051D3125160072E2CB /* Products */,
			);
			sourceTree = "<group>";
		};
		210787051D3125160072E2CB /* Products */ = {
			isa = PBXGroup;
			children = (
				210787041D3125160072E2CB /* wait.app */,
			);
			name = Products;
			sourceTree = "<group>";
		};
		210787061D3125160072E2CB /* wait */ = {
			isa = PBXGroup;
			children = (
				21078EBA1D319E340072E2CB /* images */,
				21078E7D1D317E120072E2CB /* dialects */,
				210787071D3125160072E2CB /* AppDelegate.swift */,
				21078EB81D3180930072E2CB /* Dialects.swift */,
				219233301D31BAEF002BC866 /* 2back.png */,
				21078E711D316D400072E2CB /* backbut.png */,
				219233361D31C7C6002BC866 /* restart.png */,
				2192333C1D31D596002BC866 /* mainBack.png */,
				219233341D31C6DB002BC866 /* graycircle.png */,
				21078E771D317A6D0072E2CB /* play.png */,
				219233321D31C6B8002BC866 /* 2backbut.png */,
				219233441D31EC7F002BC866 /* back3.png */,
				2192333E1D31E55C002BC866 /* 3back.png */,
				21078E791D317ABD0072E2CB /* stop.png */,
				21078E7B1D317C190072E2CB /* pause.png */,
				21078E751D3178840072E2CB /* right.png */,
				21078E731D3174AF0072E2CB /* redcircle.png */,
				21078E6F1D315B490072E2CB /* 1.png */,
				210787091D3125160072E2CB /* ViewController.swift */,
				210787191D3127850072E2CB /* MainController.swift */,
				2192332E1D31B6B6002BC866 /* SecondView.swift */,
				2107870B1D3125160072E2CB /* Main.storyboard */,
				2107870E1D3125160072E2CB /* Assets.xcassets */,
				210787101D3125160072E2CB /* LaunchScreen.storyboard */,
				210787131D3125160072E2CB /* Info.plist */,
				219233381D31D1D5002BC866 /* MyCustomSegue.swift */,
				219233401D31E5B3002BC866 /* TableController.swift */,
				219233421D31E76C002BC866 /* MyCell.swift */,
			);
			path = wait;
			sourceTree = "<group>";
		};
		21078E7D1D317E120072E2CB /* dialects */ = {
			isa = PBXGroup;
			children = (
				21078E7E1D317E4E0072E2CB /* Anglo-Cornish.mp3 */,
				21078E801D317E630072E2CB /* Bristol.mp3 */,
				21078E811D317E630072E2CB /* Brummie.mp3 */,
				21078E821D317E630072E2CB /* Cambridgeshire.mp3 */,
				21078E831D317E630072E2CB /* Cockney.mp3 */,
				21078E841D317E630072E2CB /* Cumbrian.mp3 */,
				21078E851D317E630072E2CB /* Devon.mp3 */,
				21078E861D317E630072E2CB /* East Midlands.mp3 */,
				21078E871D317E630072E2CB /* Geordie.mp3 */,
				21078E881D317E630072E2CB /* Highland Scottish.mp3 */,
				21078E891D317E630072E2CB /* Kent.mp3 */,
				21078E8A1D317E630072E2CB /* Lancashire.mp3 */,
				21078E8B1D317E630072E2CB /* Mancunian.mp3 */,
				21078E8C1D317E630072E2CB /* Manx English.mp3 */,
				21078E8D1D317E630072E2CB /* Norfolk.mp3 */,
				21078E8E1D317E630072E2CB /* Northumbrian.mp3 */,
				21078E8F1D317E630072E2CB /* Pitmatic.mp3 */,
				21078E901D317E630072E2CB /* Protteries.mp3 */,
				21078E911D317E630072E2CB /* Scots.mp3 */,
				21078E921D317E630072E2CB /* Scouse.mp3 */,
				21078E931D317E630072E2CB /* South East.mp3 */,
				21078EAA1D317E7A0072E2CB /* Suffolk.mp3 */,
				21078EA81D317E700072E2CB /* Sussex.mp3 */,
				21078EB61D317E810072E2CB /* Ulster English.mp3 */,
				21078EAB1D317E7A0072E2CB /* Ulster Scots.mp3 */,
				21078EAC1D317E7A0072E2CB /* Welsh English.mp3 */,
				21078EAD1D317E7A0072E2CB /* West Country.mp3 */,
				21078EAE1D317E7A0072E2CB /* West Midlands.mp3 */,
				21078EAF1D317E7A0072E2CB /* Yorkshire.mp3 */,
			);
			name = dialects;
			sourceTree = "<group>";
		};
		21078EBA1D319E340072E2CB /* images */ = {
			isa = PBXGroup;
			children = (
				21078EBB1D319E340072E2CB /* Anglo-Cornish.png */,
				21078EBC1D319E340072E2CB /* Bristol.png */,
				21078EBD1D319E340072E2CB /* Brummie.png */,
				21078EBE1D319E340072E2CB /* Cambridgeshire.png */,
				21078EBF1D319E340072E2CB /* Cockney.png */,
				21078EC01D319E340072E2CB /* Cumbrian.png */,
				21078EC11D319E340072E2CB /* Devon.png */,
				21078EC21D319E340072E2CB /* East Midlands.png */,
				21078EC31D319E340072E2CB /* Geordie.png */,
				21078EC41D319E340072E2CB /* Highland Scottish.png */,
				21078EC51D319E340072E2CB /* Kent.png */,
				21078EC61D319E340072E2CB /* Lancashire.png */,
				21078EC71D319E340072E2CB /* Mancunian.png */,
				21078EC81D319E340072E2CB /* Manx English.png */,
				21078EC91D319E340072E2CB /* Norfolk.png */,
				21078ECA1D319E340072E2CB /* Northumbrian.png */,
				21078ECB1D319E340072E2CB /* Pitmatic.png */,
				21078ECC1D319E340072E2CB /* Protteries.png */,
				21078ECD1D319E340072E2CB /* Scots.png */,
				21078ECE1D319E340072E2CB /* Scouse.png */,
				21078ECF1D319E340072E2CB /* South East.png */,
				21078ED01D319E340072E2CB /* Suffolk.png */,
				21078ED11D319E340072E2CB /* Sussex.png */,
				21078ED21D319E340072E2CB /* Ulster English.png */,
				21078ED31D319E340072E2CB /* Ulster Scots.png */,
				21078ED41D319E340072E2CB /* Welsh English.png */,
				21078ED51D319E340072E2CB /* West Country.png */,
				21078ED61D319E340072E2CB /* West Midlands.png */,
				21078ED71D319E340072E2CB /* Yorkshire.png */,
			);
			name = images;
			path = "images 2";
			sourceTree = "<group>";
		};
/* End PBXGroup section */

/* Begin PBXNativeTarget section */
		210787031D3125160072E2CB /* wait */ = {
			isa = PBXNativeTarget;
			buildConfigurationList = 210787161D3125160072E2CB /* Build configuration list for PBXNativeTarget "wait" */;
			buildPhases = (
				210787001D3125160072E2CB /* Sources */,
				210787011D3125160072E2CB /* Frameworks */,
				210787021D3125160072E2CB /* Resources */,
			);
			buildRules = (
			);
			dependencies = (
			);
			name = wait;
			productName = wait;
			productReference = 210787041D3125160072E2CB /* wait.app */;
			productType = "com.apple.product-type.application";
		};
/* End PBXNativeTarget section */

/* Begin PBXProject section */
		210786FC1D3125160072E2CB /* Project object */ = {
			isa = PBXProject;
			attributes = {
				LastSwiftUpdateCheck = 0730;
				LastUpgradeCheck = 0730;
				ORGANIZATIONNAME = "Mikhail  Arzumanov";
				TargetAttributes = {
					210787031D3125160072E2CB = {
						CreatedOnToolsVersion = 7.3;
						DevelopmentTeam = Q7K2Q88WAY;
					};
				};
			};
			buildConfigurationList = 210786FF1D3125160072E2CB /* Build configuration list for PBXProject "wait" */;
			compatibilityVersion = "Xcode 3.2";
			developmentRegion = English;
			hasScannedForEncodings = 0;
			knownRegions = (
				en,
				Base,
				ar,
				ca,
				cs,
				da,
				de,
				el,
				en_GB,
				es,
				fi,
				fr,
				he,
				hr,
				hu,
				id,
				it,
				ja,
				ko,
				ms,
				nb,
				nl,
				pl,
				pt,
				pt_PT,
				ro,
				ru,
				sk,
				sv,
				th,
				tr,
				uk,
				vi,
				zh_CN,
				zh_TW,
			);
			mainGroup = 210786FB1D3125160072E2CB;
			productRefGroup = 210787051D3125160072E2CB /* Products */;
			projectDirPath = "";
			projectRoot = "";
			targets = (
				210787031D3125160072E2CB /* wait */,
			);
		};
/* End PBXProject section */

/* Begin PBXResourcesBuildPhase section */
		210787021D3125160072E2CB /* Resources */ = {
			isa = PBXResourcesBuildPhase;
			buildActionMask = 2147483647;
			files = (
				21078EEC1D319E340072E2CB /* South East.png in Resources */,
				21078EA01D317E630072E2CB /* Manx English.mp3 in Resources */,
				219233371D31C7C6002BC866 /* restart.png in Resources */,
				21078EED1D319E340072E2CB /* Suffolk.png in Resources */,
				21078ED81D319E340072E2CB /* Anglo-Cornish.png in Resources */,
				21078E981D317E630072E2CB /* Cumbrian.mp3 in Resources */,
				21078EB21D317E7A0072E2CB /* Welsh English.mp3 in Resources */,
				21078E971D317E630072E2CB /* Cockney.mp3 in Resources */,
				21078EDB1D319E340072E2CB /* Cambridgeshire.png in Resources */,
				21078EB11D317E7A0072E2CB /* Ulster Scots.mp3 in Resources */,
				21078EF11D319E340072E2CB /* Welsh English.png in Resources */,
				21078EDD1D319E340072E2CB /* Cumbrian.png in Resources */,
				219233451D31EC80002BC866 /* back3.png in Resources */,
				21078E7A1D317ABD0072E2CB /* stop.png in Resources */,
				219233311D31BAEF002BC866 /* 2back.png in Resources */,
				219233351D31C6DB002BC866 /* graycircle.png in Resources */,
				21078E7F1D317E4E0072E2CB /* Anglo-Cornish.mp3 in Resources */,
				2192333F1D31E55C002BC866 /* 3back.png in Resources */,
				210787121D3125160072E2CB /* LaunchScreen.storyboard in Resources */,
				21078EA61D317E630072E2CB /* Scouse.mp3 in Resources */,
				21078EA91D317E700072E2CB /* Sussex.mp3 in Resources */,
				21078EE41D319E340072E2CB /* Mancunian.png in Resources */,
				21078E9F1D317E630072E2CB /* Mancunian.mp3 in Resources */,
				21078E781D317A6D0072E2CB /* play.png in Resources */,
				21078E941D317E630072E2CB /* Bristol.mp3 in Resources */,
				21078EDA1D319E340072E2CB /* Brummie.png in Resources */,
				21078E7C1D317C190072E2CB /* pause.png in Resources */,
				21078EE71D319E340072E2CB /* Northumbrian.png in Resources */,
				21078E761D3178840072E2CB /* right.png in Resources */,
				21078EA41D317E630072E2CB /* Protteries.mp3 in Resources */,
				21078EB51D317E7A0072E2CB /* Yorkshire.mp3 in Resources */,
				21078EF31D319E340072E2CB /* West Midlands.png in Resources */,
				21078EDC1D319E340072E2CB /* Cockney.png in Resources */,
				21078EE81D319E340072E2CB /* Pitmatic.png in Resources */,
				2107870F1D3125160072E2CB /* Assets.xcassets in Resources */,
				21078EE21D319E340072E2CB /* Kent.png in Resources */,
				21078E991D317E630072E2CB /* Devon.mp3 in Resources */,
				21078E9E1D317E630072E2CB /* Lancashire.mp3 in Resources */,
				21078EEA1D319E340072E2CB /* Scots.png in Resources */,
				21078EE31D319E340072E2CB /* Lancashire.png in Resources */,
				21078EB71D317E810072E2CB /* Ulster English.mp3 in Resources */,
				21078E9D1D317E630072E2CB /* Kent.mp3 in Resources */,
				21078EF01D319E340072E2CB /* Ulster Scots.png in Resources */,
				21078EE01D319E340072E2CB /* Geordie.png in Resources */,
				21078E741D3174AF0072E2CB /* redcircle.png in Resources */,
				21078EDF1D319E340072E2CB /* East Midlands.png in Resources */,
				21078EB41D317E7A0072E2CB /* West Midlands.mp3 in Resources */,
				21078EE11D319E340072E2CB /* Highland Scottish.png in Resources */,
				21078EE91D319E340072E2CB /* Protteries.png in Resources */,
				21078EA21D317E630072E2CB /* Northumbrian.mp3 in Resources */,
				21078E9A1D317E630072E2CB /* East Midlands.mp3 in Resources */,
				2107870D1D3125160072E2CB /* Main.storyboard in Resources */,
				21078EEE1D319E340072E2CB /* Sussex.png in Resources */,
				21078EEF1D319E340072E2CB /* Ulster English.png in Resources */,
				21078E961D317E630072E2CB /* Cambridgeshire.mp3 in Resources */,
				219233331D31C6B8002BC866 /* 2backbut.png in Resources */,
				21078E951D317E630072E2CB /* Brummie.mp3 in Resources */,
				21078E721D316D400072E2CB /* backbut.png in Resources */,
				21078EA51D317E630072E2CB /* Scots.mp3 in Resources */,
				21078EA11D317E630072E2CB /* Norfolk.mp3 in Resources */,
				21078E9C1D317E630072E2CB /* Highland Scottish.mp3 in Resources */,
				21078EE61D319E340072E2CB /* Norfolk.png in Resources */,
				21078EDE1D319E340072E2CB /* Devon.png in Resources */,
				21078EF21D319E340072E2CB /* West Country.png in Resources */,
				21078E9B1D317E630072E2CB /* Geordie.mp3 in Resources */,
				21078EA31D317E630072E2CB /* Pitmatic.mp3 in Resources */,
				21078E701D315B490072E2CB /* 1.png in Resources */,
				21078EB31D317E7A0072E2CB /* West Country.mp3 in Resources */,
				21078EEB1D319E340072E2CB /* Scouse.png in Resources */,
				2192333D1D31D596002BC866 /* mainBack.png in Resources */,
				21078EF41D319E340072E2CB /* Yorkshire.png in Resources */,
				21078EA71D317E630072E2CB /* South East.mp3 in Resources */,
				21078EB01D317E7A0072E2CB /* Suffolk.mp3 in Resources */,
				21078ED91D319E340072E2CB /* Bristol.png in Resources */,
				21078EE51D319E340072E2CB /* Manx English.png in Resources */,
			);
			runOnlyForDeploymentPostprocessing = 0;
		};
/* End PBXResourcesBuildPhase section */

/* Begin PBXSourcesBuildPhase section */
		210787001D3125160072E2CB /* Sources */ = {
			isa = PBXSourcesBuildPhase;
			buildActionMask = 2147483647;
			files = (
				219233411D31E5B3002BC866 /* TableController.swift in Sources */,
				2107870A1D3125160072E2CB /* ViewController.swift in Sources */,
				2192332F1D31B6B6002BC866 /* SecondView.swift in Sources */,
				219233391D31D1D5002BC866 /* MyCustomSegue.swift in Sources */,
				2107871A1D3127850072E2CB /* MainController.swift in Sources */,
				219233431D31E76C002BC866 /* MyCell.swift in Sources */,
				21078EB91D3180930072E2CB /* Dialects.swift in Sources */,
				210787081D3125160072E2CB /* AppDelegate.swift in Sources */,
			);
			runOnlyForDeploymentPostprocessing = 0;
		};
/* End PBXSourcesBuildPhase section */

/* Begin PBXVariantGroup section */
		2107870B1D3125160072E2CB /* Main.storyboard */ = {
			isa = PBXVariantGroup;
			children = (
				2107870C1D3125160072E2CB /* Base */,
			);
			name = Main.storyboard;
			sourceTree = "<group>";
		};
		210787101D3125160072E2CB /* LaunchScreen.storyboard */ = {
			isa = PBXVariantGroup;
			children = (
				210787111D3125160072E2CB /* Base */,
			);
			name = LaunchScreen.storyboard;
			sourceTree = "<group>";
		};
/* End PBXVariantGroup section */

/* Begin XCBuildConfiguration section */
		210787141D3125160072E2CB /* Debug */ = {
			isa = XCBuildConfiguration;
			buildSettings = {
				ALWAYS_SEARCH_USER_PATHS = NO;
				CLANG_ANALYZER_NONNULL = YES;
				CLANG_CXX_LANGUAGE_STANDARD = "gnu++0x";
				CLANG_CXX_LIBRARY = "libc++";
				CLANG_ENABLE_MODULES = YES;
				CLANG_ENABLE_OBJC_ARC = YES;
				CLANG_WARN_BOOL_CONVERSION = YES;
				CLANG_WARN_CONSTANT_CONVERSION = YES;
				CLANG_WARN_DIRECT_OBJC_ISA_USAGE = YES_ERROR;
				CLANG_WARN_EMPTY_BODY = YES;
				CLANG_WARN_ENUM_CONVERSION = YES;
				CLANG_WARN_INT_CONVERSION = YES;
				CLANG_WARN_OBJC_ROOT_CLASS = YES_ERROR;
				CLANG_WARN_UNREACHABLE_CODE = YES;
				CLANG_WARN__DUPLICATE_METHOD_MATCH = YES;
				"CODE_SIGN_IDENTITY[sdk=iphoneos*]" = "iPhone Developer";
				COPY_PHASE_STRIP = NO;
				DEBUG_INFORMATION_FORMAT = dwarf;
				ENABLE_STRICT_OBJC_MSGSEND = YES;
				ENABLE_TESTABILITY = YES;
				GCC_C_LANGUAGE_STANDARD = gnu99;
				GCC_DYNAMIC_NO_PIC = NO;
				GCC_NO_COMMON_BLOCKS = YES;
				GCC_OPTIMIZATION_LEVEL = 0;
				GCC_PREPROCESSOR_DEFINITIONS = (
					"DEBUG=1",
					"$(inherited)",
				);
				GCC_WARN_64_TO_32_BIT_CONVERSION = YES;
				GCC_WARN_ABOUT_RETURN_TYPE = YES_ERROR;
				GCC_WARN_UNDECLARED_SELECTOR = YES;
				GCC_WARN_UNINITIALIZED_AUTOS = YES_AGGRESSIVE;
				GCC_WARN_UNUSED_FUNCTION = YES;
				GCC_WARN_UNUSED_VARIABLE = YES;
				IPHONEOS_DEPLOYMENT_TARGET = 9.3;
				MTL_ENABLE_DEBUG_INFO = YES;
				ONLY_ACTIVE_ARCH = YES;
				SDKROOT = iphoneos;
				SWIFT_OPTIMIZATION_LEVEL = "-Onone";
			};
			name = Debug;
		};
		210787151D3125160072E2CB /* Release */ = {
			isa = XCBuildConfiguration;
			buildSettings = {
				ALWAYS_SEARCH_USER_PATHS = NO;
				CLANG_ANALYZER_NONNULL = YES;
				CLANG_CXX_LANGUAGE_STANDARD = "gnu++0x";
				CLANG_CXX_LIBRARY = "libc++";
				CLANG_ENABLE_MODULES = YES;
				CLANG_ENABLE_OBJC_ARC = YES;
				CLANG_WARN_BOOL_CONVERSION = YES;
				CLANG_WARN_CONSTANT_CONVERSION = YES;
				CLANG_WARN_DIRECT_OBJC_ISA_USAGE = YES_ERROR;
				CLANG_WARN_EMPTY_BODY = YES;
				CLANG_WARN_ENUM_CONVERSION = YES;
				CLANG_WARN_INT_CONVERSION = YES;
				CLANG_WARN_OBJC_ROOT_CLASS = YES_ERROR;
				CLANG_WARN_UNREACHABLE_CODE = YES;
				CLANG_WARN__DUPLICATE_METHOD_MATCH = YES;
				"CODE_SIGN_IDENTITY[sdk=iphoneos*]" = "iPhone Developer";
				COPY_PHASE_STRIP = NO;
				DEBUG_INFORMATION_FORMAT = "dwarf-with-dsym";
				ENABLE_NS_ASSERTIONS = NO;
				ENABLE_STRICT_OBJC_MSGSEND = YES;
				GCC_C_LANGUAGE_STANDARD = gnu99;
				GCC_NO_COMMON_BLOCKS = YES;
				GCC_WARN_64_TO_32_BIT_CONVERSION = YES;
				GCC_WARN_ABOUT_RETURN_TYPE = YES_ERROR;
				GCC_WARN_UNDECLARED_SELECTOR = YES;
				GCC_WARN_UNINITIALIZED_AUTOS = YES_AGGRESSIVE;
				GCC_WARN_UNUSED_FUNCTION = YES;
				GCC_WARN_UNUSED_VARIABLE = YES;
				IPHONEOS_DEPLOYMENT_TARGET = 9.3;
				MTL_ENABLE_DEBUG_INFO = NO;
				SDKROOT = iphoneos;
				VALIDATE_PRODUCT = YES;
			};
			name = Release;
		};
		210787171D3125160072E2CB /* Debug */ = {
			isa = XCBuildConfiguration;
			buildSettings = {
				ASSETCATALOG_COMPILER_APPICON_NAME = AppIcon;
				CODE_SIGN_IDENTITY = "iPhone Developer";
				"CODE_SIGN_IDENTITY[sdk=iphoneos*]" = "iPhone Developer";
				FRAMEWORK_SEARCH_PATHS = "";
				INFOPLIST_FILE = wait/Info.plist;
				LD_RUNPATH_SEARCH_PATHS = "$(inherited) @executable_path/Frameworks";
				PRODUCT_BUNDLE_IDENTIFIER = "Mikhail-Arzumanov.wait";
				PRODUCT_NAME = "$(TARGET_NAME)";
				PROVISIONING_PROFILE = "";
			};
			name = Debug;
		};
		210787181D3125160072E2CB /* Release */ = {
			isa = XCBuildConfiguration;
			buildSettings = {
				ASSETCATALOG_COMPILER_APPICON_NAME = AppIcon;
				CODE_SIGN_IDENTITY = "iPhone Developer";
				"CODE_SIGN_IDENTITY[sdk=iphoneos*]" = "iPhone Developer";
				FRAMEWORK_SEARCH_PATHS = "";
				INFOPLIST_FILE = wait/Info.plist;
				LD_RUNPATH_SEARCH_PATHS = "$(inherited) @executable_path/Frameworks";
				PRODUCT_BUNDLE_IDENTIFIER = "Mikhail-Arzumanov.wait";
				PRODUCT_NAME = "$(TARGET_NAME)";
				PROVISIONING_PROFILE = "";
			};
			name = Release;
		};
/* End XCBuildConfiguration section */

/* Begin XCConfigurationList section */
		210786FF1D3125160072E2CB /* Build configuration list for PBXProject "wait" */ = {
			isa = XCConfigurationList;
			buildConfigurations = (
				210787141D3125160072E2CB /* Debug */,
				210787151D3125160072E2CB /* Release */,
			);
			defaultConfigurationIsVisible = 0;
			defaultConfigurationName = Release;
		};
		210787161D3125160072E2CB /* Build configuration list for PBXNativeTarget "wait" */ = {
			isa = XCConfigurationList;
			buildConfigurations = (
				210787171D3125160072E2CB /* Debug */,
				210787181D3125160072E2CB /* Release */,
			);
			defaultConfigurationIsVisible = 0;
			defaultConfigurationName = Release;
		};
/* End XCConfigurationList section */
	};
	rootObject = 210786FC1D3125160072E2CB /* Project object */;
}
